
Microsoft Visual Studio Solution File, Format Version 12.00
# Visual Studio Version 16
VisualStudioVersion = 16.0.31025.194
MinimumVisualStudioVersion = 10.0.40219.1
Project("{9A19103F-16F7-4668-BE54-9A1E7A4F7556}") = "Test_Web", "Test_Web.csproj", "{FCA5126D-D179-4202-ABE3-C7D2FDD93B3E}"
EndProject
Project("{FAE04EC0-301F-11D3-BF4B-00C04F79EFBC}") = "Test_Repository", "..\Test_Repository\Test_Repository.csproj", "{2B3A813A-4594-4FC9-ACD9-E43FB5C5D5F4}"
EndProject
Project("{FAE04EC0-301F-11D3-BF4B-00C04F79EFBC}") = "Test_Modal", "..\Test_Modal\Test_Modal.csproj", "{0E113FAB-BF25-4B94-9F35-01888BDC3FC7}"
EndProject
Global
	GlobalSection(SolutionConfigurationPlatforms) = preSolution
		Debug|Any CPU = Debug|Any CPU
		Release|Any CPU = Release|Any CPU
	EndGlobalSection
	GlobalSection(ProjectConfigurationPlatforms) = postSolution
		{FCA5126D-D179-4202-ABE3-C7D2FDD93B3E}.Debug|Any CPU.ActiveCfg = Debug|Any CPU
		{FCA5126D-D179-4202-ABE3-C7D2FDD93B3E}.Debug|Any CPU.Build.0 = Debug|Any CPU
		{FCA5126D-D179-4202-ABE3-C7D2FDD93B3E}.Release|Any CPU.ActiveCfg = Release|Any CPU
		{FCA5126D-D179-4202-ABE3-C7D2FDD93B3E}.Release|Any CPU.Build.0 = Release|Any CPU
		{2B3A813A-4594-4FC9-ACD9-E43FB5C5D5F4}.Debug|Any CPU.ActiveCfg = Debug|Any CPU
		{2B3A813A-4594-4FC9-ACD9-E43FB5C5D5F4}.Debug|Any CPU.Build.0 = Debug|Any CPU
		{2B3A813A-4594-4FC9-ACD9-E43FB5C5D5F4}.Release|Any CPU.ActiveCfg = Release|Any CPU
		{2B3A813A-4594-4FC9-ACD9-E43FB5C5D5F4}.Release|Any CPU.Build.0 = Release|Any CPU
		{0E113FAB-BF25-4B94-9F35-01888BDC3FC7}.Debug|Any CPU.ActiveCfg = Debug|Any CPU
		{0E113FAB-BF25-4B94-9F35-01888BDC3FC7}.Debug|Any CPU.Build.0 = Debug|Any CPU
		{0E113FAB-BF25-4B94-9F35-01888BDC3FC7}.Release|Any CPU.ActiveCfg = Release|Any CPU
		{0E113FAB-BF25-4B94-9F35-01888BDC3FC7}.Release|Any CPU.Build.0 = Release|Any CPU
	EndGlobalSection
	GlobalSection(SolutionProperties) = preSolution
		HideSolutionNode = FALSE
	EndGlobalSection
	GlobalSection(ExtensibilityGlobals) = postSolution
		SolutionGuid = {E1733EDD-4C78-4DF6-AB6B-5062D17BE253}
	EndGlobalSection
EndGlobal
